# THIS IS AN AUTOGENERATED FILE. DO NOT EDIT THIS FILE DIRECTLY.
# yarn lockfile v1


"@pork/trees@^1.0.5":
  version "1.0.5"
  resolved "https://registry.yarnpkg.com/@pork/trees/-/trees-1.0.5.tgz#2027b64adcaea19d941a5ed3983ebda99af29d2f"
  integrity sha512-BMG/Sr7pVjQoDejwXJCXmw4DU72LPXlhNujDEJcH5VrRUOwDoyo9hT986Qp5CbYzbeVr16xqPDR1mX1JeUvfbQ==

object-assign-deep@^0.4.0:
  version "0.4.0"
  resolved "https://registry.yarnpkg.com/object-assign-deep/-/object-assign-deep-0.4.0.tgz#43505d3679abb9686ab359b97ac14cc837a9d143"
  integrity sha512-54Uvn3s+4A/cMWx9tlRez1qtc7pN7pbQ+Yi7mjLjcBpWLlP+XbSHiHbQW6CElDiV4OvuzqnMrBdkgxI1mT8V/Q==
